
Microsoft Visual Studio Solution File, Format Version 12.00
# Visual Studio Version 17
VisualStudioVersion = 17.10.35122.118
MinimumVisualStudioVersion = 10.0.40219.1
Project("{FAE04EC0-301F-11D3-BF4B-00C04F79EFBC}") = "DataApiCall", "DataApiCall\DataApiCall.csproj", "{6FBB645B-9684-4DA0-8A74-E6BEB4D8A7D4}"
EndProject
Global
	GlobalSection(SolutionConfigurationPlatforms) = preSolution
		Debug|Any CPU = Debug|Any CPU
		Release|Any CPU = Release|Any CPU
	EndGlobalSection
	GlobalSection(ProjectConfigurationPlatforms) = postSolution
		{6FBB645B-9684-4DA0-8A74-E6BEB4D8A7D4}.Debug|Any CPU.ActiveCfg = Debug|Any CPU
		{6FBB645B-9684-4DA0-8A74-E6BEB4D8A7D4}.Debug|Any CPU.Build.0 = Debug|Any CPU
		{6FBB645B-9684-4DA0-8A74-E6BEB4D8A7D4}.Release|Any CPU.ActiveCfg = Release|Any CPU
		{6FBB645B-9684-4DA0-8A74-E6BEB4D8A7D4}.Release|Any CPU.Build.0 = Release|Any CPU
	EndGlobalSection
	GlobalSection(SolutionProperties) = preSolution
		HideSolutionNode = FALSE
	EndGlobalSection
	GlobalSection(ExtensibilityGlobals) = postSolution
		SolutionGuid = {9E4FA231-8DFF-449B-BF6F-7C798962F224}
	EndGlobalSection
EndGlobal
